
Microsoft Visual Studio Solution File, Format Version 12.00
# Visual Studio Version 17
VisualStudioVersion = 17.8.34330.188
MinimumVisualStudioVersion = 10.0.40219.1
Project("{2150E333-8FDC-42A3-9474-1A3956D46DE8}") = "Client", "Client", "{61AB6BDB-E245-402B-A3E6-A7111C6C9858}"
EndProject
Project("{2150E333-8FDC-42A3-9474-1A3956D46DE8}") = "Server", "Server", "{8FD41D57-1DEB-4727-92DF-81E012519D29}"
EndProject
Project("{FAE04EC0-301F-11D3-BF4B-00C04F79EFBC}") = "FileDownloader", "Client\FileDownloader\FileDownloader.csproj", "{203ABF43-9862-4D1D-A919-3A1D0E3B0DA5}"
EndProject
Project("{FAE04EC0-301F-11D3-BF4B-00C04F79EFBC}") = "FileUploader", "Client\FileUploader\FileUploader.csproj", "{86947B6D-8CE2-4074-A60F-8568B3BF83FC}"
EndProject
Project("{FAE04EC0-301F-11D3-BF4B-00C04F79EFBC}") = "JudasClient", "Client\JudasClient\JudasClient.csproj", "{B57BD91D-2E06-4979-86E1-BC1E4861E194}"
EndProject
Project("{FAE04EC0-301F-11D3-BF4B-00C04F79EFBC}") = "JudasShell", "Client\JudasShell\JudasShell.csproj", "{61CB810E-6D2A-495F-BDD1-1E1E1268CE7A}"
EndProject
Project("{FAE04EC0-301F-11D3-BF4B-00C04F79EFBC}") = "Screenshot", "Client\Screenshot\Screenshot.csproj", "{05A366FC-B68C-4D33-B722-FBBE01A7E04E}"
EndProject
Project("{FAE04EC0-301F-11D3-BF4B-00C04F79EFBC}") = "FileDownloaderServer", "Server\FileDownloaderServer\FileDownloaderServer.csproj", "{2118C2D4-A462-4513-964B-B7C71A3CF9CB}"
EndProject
Project("{FAE04EC0-301F-11D3-BF4B-00C04F79EFBC}") = "FileUploaderServer", "Server\FileUploaderServer\FileUploaderServer.csproj", "{FDF6F0D5-4DD8-43FC-90D7-429EDA30F1F8}"
EndProject
Project("{FAE04EC0-301F-11D3-BF4B-00C04F79EFBC}") = "JudasServer", "Server\JudasServer\JudasServer.csproj", "{0356C5F8-5D7F-4417-8148-9F35C7C6C190}"
EndProject
Project("{FAE04EC0-301F-11D3-BF4B-00C04F79EFBC}") = "JudasShellServer", "Server\JudasShellServer\JudasShellServer.csproj", "{6C33BC26-2FCF-4154-8222-00817C3FA94C}"
EndProject
Global
	GlobalSection(SolutionConfigurationPlatforms) = preSolution
		Debug|Any CPU = Debug|Any CPU
		Release|Any CPU = Release|Any CPU
	EndGlobalSection
	GlobalSection(ProjectConfigurationPlatforms) = postSolution
		{203ABF43-9862-4D1D-A919-3A1D0E3B0DA5}.Debug|Any CPU.ActiveCfg = Debug|Any CPU
		{203ABF43-9862-4D1D-A919-3A1D0E3B0DA5}.Debug|Any CPU.Build.0 = Debug|Any CPU
		{203ABF43-9862-4D1D-A919-3A1D0E3B0DA5}.Release|Any CPU.ActiveCfg = Release|Any CPU
		{203ABF43-9862-4D1D-A919-3A1D0E3B0DA5}.Release|Any CPU.Build.0 = Release|Any CPU
		{86947B6D-8CE2-4074-A60F-8568B3BF83FC}.Debug|Any CPU.ActiveCfg = Debug|Any CPU
		{86947B6D-8CE2-4074-A60F-8568B3BF83FC}.Debug|Any CPU.Build.0 = Debug|Any CPU
		{86947B6D-8CE2-4074-A60F-8568B3BF83FC}.Release|Any CPU.ActiveCfg = Release|Any CPU
		{86947B6D-8CE2-4074-A60F-8568B3BF83FC}.Release|Any CPU.Build.0 = Release|Any CPU
		{B57BD91D-2E06-4979-86E1-BC1E4861E194}.Debug|Any CPU.ActiveCfg = Debug|Any CPU
		{B57BD91D-2E06-4979-86E1-BC1E4861E194}.Debug|Any CPU.Build.0 = Debug|Any CPU
		{B57BD91D-2E06-4979-86E1-BC1E4861E194}.Release|Any CPU.ActiveCfg = Release|Any CPU
		{B57BD91D-2E06-4979-86E1-BC1E4861E194}.Release|Any CPU.Build.0 = Release|Any CPU
		{61CB810E-6D2A-495F-BDD1-1E1E1268CE7A}.Debug|Any CPU.ActiveCfg = Debug|Any CPU
		{61CB810E-6D2A-495F-BDD1-1E1E1268CE7A}.Debug|Any CPU.Build.0 = Debug|Any CPU
		{61CB810E-6D2A-495F-BDD1-1E1E1268CE7A}.Release|Any CPU.ActiveCfg = Release|Any CPU
		{61CB810E-6D2A-495F-BDD1-1E1E1268CE7A}.Release|Any CPU.Build.0 = Release|Any CPU
		{05A366FC-B68C-4D33-B722-FBBE01A7E04E}.Debug|Any CPU.ActiveCfg = Debug|Any CPU
		{05A366FC-B68C-4D33-B722-FBBE01A7E04E}.Debug|Any CPU.Build.0 = Debug|Any CPU
		{05A366FC-B68C-4D33-B722-FBBE01A7E04E}.Release|Any CPU.ActiveCfg = Release|Any CPU
		{05A366FC-B68C-4D33-B722-FBBE01A7E04E}.Release|Any CPU.Build.0 = Release|Any CPU
		{2118C2D4-A462-4513-964B-B7C71A3CF9CB}.Debug|Any CPU.ActiveCfg = Debug|Any CPU
		{2118C2D4-A462-4513-964B-B7C71A3CF9CB}.Debug|Any CPU.Build.0 = Debug|Any CPU
		{2118C2D4-A462-4513-964B-B7C71A3CF9CB}.Release|Any CPU.ActiveCfg = Release|Any CPU
		{2118C2D4-A462-4513-964B-B7C71A3CF9CB}.Release|Any CPU.Build.0 = Release|Any CPU
		{FDF6F0D5-4DD8-43FC-90D7-429EDA30F1F8}.Debug|Any CPU.ActiveCfg = Debug|Any CPU
		{FDF6F0D5-4DD8-43FC-90D7-429EDA30F1F8}.Debug|Any CPU.Build.0 = Debug|Any CPU
		{FDF6F0D5-4DD8-43FC-90D7-429EDA30F1F8}.Release|Any CPU.ActiveCfg = Release|Any CPU
		{FDF6F0D5-4DD8-43FC-90D7-429EDA30F1F8}.Release|Any CPU.Build.0 = Release|Any CPU
		{0356C5F8-5D7F-4417-8148-9F35C7C6C190}.Debug|Any CPU.ActiveCfg = Debug|Any CPU
		{0356C5F8-5D7F-4417-8148-9F35C7C6C190}.Debug|Any CPU.Build.0 = Debug|Any CPU
		{0356C5F8-5D7F-4417-8148-9F35C7C6C190}.Release|Any CPU.ActiveCfg = Release|Any CPU
		{0356C5F8-5D7F-4417-8148-9F35C7C6C190}.Release|Any CPU.Build.0 = Release|Any CPU
		{6C33BC26-2FCF-4154-8222-00817C3FA94C}.Debug|Any CPU.ActiveCfg = Debug|Any CPU
		{6C33BC26-2FCF-4154-8222-00817C3FA94C}.Debug|Any CPU.Build.0 = Debug|Any CPU
		{6C33BC26-2FCF-4154-8222-00817C3FA94C}.Release|Any CPU.ActiveCfg = Release|Any CPU
		{6C33BC26-2FCF-4154-8222-00817C3FA94C}.Release|Any CPU.Build.0 = Release|Any CPU
	EndGlobalSection
	GlobalSection(SolutionProperties) = preSolution
		HideSolutionNode = FALSE
	EndGlobalSection
	GlobalSection(NestedProjects) = preSolution
		{203ABF43-9862-4D1D-A919-3A1D0E3B0DA5} = {61AB6BDB-E245-402B-A3E6-A7111C6C9858}
		{86947B6D-8CE2-4074-A60F-8568B3BF83FC} = {61AB6BDB-E245-402B-A3E6-A7111C6C9858}
		{B57BD91D-2E06-4979-86E1-BC1E4861E194} = {61AB6BDB-E245-402B-A3E6-A7111C6C9858}
		{61CB810E-6D2A-495F-BDD1-1E1E1268CE7A} = {61AB6BDB-E245-402B-A3E6-A7111C6C9858}
		{05A366FC-B68C-4D33-B722-FBBE01A7E04E} = {61AB6BDB-E245-402B-A3E6-A7111C6C9858}
		{2118C2D4-A462-4513-964B-B7C71A3CF9CB} = {8FD41D57-1DEB-4727-92DF-81E012519D29}
		{FDF6F0D5-4DD8-43FC-90D7-429EDA30F1F8} = {8FD41D57-1DEB-4727-92DF-81E012519D29}
		{0356C5F8-5D7F-4417-8148-9F35C7C6C190} = {8FD41D57-1DEB-4727-92DF-81E012519D29}
		{6C33BC26-2FCF-4154-8222-00817C3FA94C} = {8FD41D57-1DEB-4727-92DF-81E012519D29}
	EndGlobalSection
	GlobalSection(ExtensibilityGlobals) = postSolution
		SolutionGuid = {9D3D3EEC-91D7-47B6-90E0-AE85FA6848C6}
	EndGlobalSection
EndGlobal
